Microsoft Visual Studio Solution File, Format Version 11.00
# Visual Studio 2008

Project("{9BABB6F3-A827-ED34-338C-36050B3FD902}") = "E1_navigation_UI_for_single_path", "Assembly-CSharp.csproj", "{B0F98158-A581-C314-76EA-E37B5BFB4ADD}"
EndProject
Project("{9BABB6F3-A827-ED34-338C-36050B3FD902}") = "E1_navigation_UI_for_single_path", "Assembly-CSharp-Editor.csproj", "{5D345697-7C62-DED3-332C-BFAD5220B990}"
EndProject
Global
	GlobalSection(SolutionConfigurationPlatforms) = preSolution
		Debug|Any CPU = Debug|Any CPU
		Release|Any CPU = Release|Any CPU
	EndGlobalSection
	GlobalSection(ProjectConfigurationPlatforms) = postSolution
		{B0F98158-A581-C314-76EA-E37B5BFB4ADD}.Debug|Any CPU.ActiveCfg = Debug|Any CPU
		{B0F98158-A581-C314-76EA-E37B5BFB4ADD}.Debug|Any CPU.Build.0 = Debug|Any CPU
		{B0F98158-A581-C314-76EA-E37B5BFB4ADD}.Release|Any CPU.ActiveCfg = Release|Any CPU
		{B0F98158-A581-C314-76EA-E37B5BFB4ADD}.Release|Any CPU.Build.0 = Release|Any CPU
		{5D345697-7C62-DED3-332C-BFAD5220B990}.Debug|Any CPU.ActiveCfg = Debug|Any CPU
		{5D345697-7C62-DED3-332C-BFAD5220B990}.Debug|Any CPU.Build.0 = Debug|Any CPU
		{5D345697-7C62-DED3-332C-BFAD5220B990}.Release|Any CPU.ActiveCfg = Release|Any CPU
		{5D345697-7C62-DED3-332C-BFAD5220B990}.Release|Any CPU.Build.0 = Release|Any CPU
	EndGlobalSection
	GlobalSection(SolutionProperties) = preSolution
		HideSolutionNode = FALSE
	EndGlobalSection
	GlobalSection(MonoDevelopProperties) = preSolution
		StartupItem = Assembly-CSharp.csproj
	EndGlobalSection
EndGlobal
